// !$*UTF8*$!
{
	archiveVersion = 1;
	classes = {
	};
	objectVersion = 50;
	objects = {

/* Begin PBXBuildFile section */
		C4937376222CC0C800378930 /* AppDelegate.swift in Sources */ = {isa = PBXBuildFile; fileRef = C4937375222CC0C800378930 /* AppDelegate.swift */; };
		C4937378222CC0C800378930 /* ViewController.swift in Sources */ = {isa = PBXBuildFile; fileRef = C4937377222CC0C800378930 /* ViewController.swift */; };
		C493737B222CC0C800378930 /* Main.storyboard in Resources */ = {isa = PBXBuildFile; fileRef = C4937379222CC0C800378930 /* Main.storyboard */; };
		C493737D222CC0CA00378930 /* Assets.xcassets in Resources */ = {isa = PBXBuildFile; fileRef = C493737C222CC0CA00378930 /* Assets.xcassets */; };
		C4937380222CC0CA00378930 /* LaunchScreen.storyboard in Resources */ = {isa = PBXBuildFile; fileRef = C493737E222CC0CA00378930 /* LaunchScreen.storyboard */; };
		C493738B222CC0CA00378930 /* FoundationToolDemoTests.swift in Sources */ = {isa = PBXBuildFile; fileRef = C493738A222CC0CA00378930 /* FoundationToolDemoTests.swift */; };
		C4937396222CC0CA00378930 /* FoundationToolDemoUITests.swift in Sources */ = {isa = PBXBuildFile; fileRef = C4937395222CC0CA00378930 /* FoundationToolDemoUITests.swift */; };
		C4F83306222E802B00D7D014 /* desktop.png in Resources */ = {isa = PBXBuildFile; fileRef = C4F83305222E802B00D7D014 /* desktop.png */; };
/* End PBXBuildFile section */

/* Begin PBXContainerItemProxy section */
		C4937387222CC0CA00378930 /* PBXContainerItemProxy */ = {
			isa = PBXContainerItemProxy;
			containerPortal = C493736A222CC0C800378930 /* Project object */;
			proxyType = 1;
			remoteGlobalIDString = C4937371222CC0C800378930;
			remoteInfo = FoundationToolDemo;
		};
		C4937392222CC0CA00378930 /* PBXContainerItemProxy */ = {
			isa = PBXContainerItemProxy;
			containerPortal = C493736A222CC0C800378930 /* Project object */;
			proxyType = 1;
			remoteGlobalIDString = C4937371222CC0C800378930;
			remoteInfo = FoundationToolDemo;
		};
		C4F832ED222E77EA00D7D014 /* PBXContainerItemProxy */ = {
			isa = PBXContainerItemProxy;
			containerPortal = C4F832E8222E77EA00D7D014 /* FoundationTool.xcodeproj */;
			proxyType = 2;
			remoteGlobalIDString = C4F832CC222E771700D7D014;
			remoteInfo = FoundationTool;
		};
		C4F832EF222E77EA00D7D014 /* PBXContainerItemProxy */ = {
			isa = PBXContainerItemProxy;
			containerPortal = C4F832E8222E77EA00D7D014 /* FoundationTool.xcodeproj */;
			proxyType = 2;
			remoteGlobalIDString = C4F832D5222E771700D7D014;
			remoteInfo = FoundationToolTests;
		};
		C4F832FB222E78F600D7D014 /* PBXContainerItemProxy */ = {
			isa = PBXContainerItemProxy;
			containerPortal = C4F832E8222E77EA00D7D014 /* FoundationTool.xcodeproj */;
			proxyType = 1;
			remoteGlobalIDString = C4F832CB222E771700D7D014;
			remoteInfo = FoundationTool;
		};
/* End PBXContainerItemProxy section */

/* Begin PBXCopyFilesBuildPhase section */
		C49373C2222CC0E400378930 /* Embed Frameworks */ = {
			isa = PBXCopyFilesBuildPhase;
			buildActionMask = 2147483647;
			dstPath = "";
			dstSubfolderSpec = 10;
			files = (
			);
			name = "Embed Frameworks";
			runOnlyForDeploymentPostprocessing = 0;
		};
/* End PBXCopyFilesBuildPhase section */

/* Begin PBXFileReference section */
		C4937372222CC0C800378930 /* FoundationToolDemo.app */ = {isa = PBXFileReference; explicitFileType = wrapper.application; includeInIndex = 0; path = FoundationToolDemo.app; sourceTree = BUILT_PRODUCTS_DIR; };
		C4937375222CC0C800378930 /* AppDelegate.swift */ = {isa = PBXFileReference; lastKnownFileType = sourcecode.swift; path = AppDelegate.swift; sourceTree = "<group>"; };
		C4937377222CC0C800378930 /* ViewController.swift */ = {isa = PBXFileReference; lastKnownFileType = sourcecode.swift; path = ViewController.swift; sourceTree = "<group>"; };
		C493737A222CC0C800378930 /* Base */ = {isa = PBXFileReference; lastKnownFileType = file.storyboard; name = Base; path = Base.lproj/Main.storyboard; sourceTree = "<group>"; };
		C493737C222CC0CA00378930 /* Assets.xcassets */ = {isa = PBXFileReference; lastKnownFileType = folder.assetcatalog; path = Assets.xcassets; sourceTree = "<group>"; };
		C493737F222CC0CA00378930 /* Base */ = {isa = PBXFileReference; lastKnownFileType = file.storyboard; name = Base; path = Base.lproj/LaunchScreen.storyboard; sourceTree = "<group>"; };
		C4937381222CC0CA00378930 /* Info.plist */ = {isa = PBXFileReference; lastKnownFileType = text.plist.xml; path = Info.plist; sourceTree = "<group>"; };
		C4937386222CC0CA00378930 /* FoundationToolDemoTests.xctest */ = {isa = PBXFileReference; explicitFileType = wrapper.cfbundle; includeInIndex = 0; path = FoundationToolDemoTests.xctest; sourceTree = BUILT_PRODUCTS_DIR; };
		C493738A222CC0CA00378930 /* FoundationToolDemoTests.swift */ = {isa = PBXFileReference; lastKnownFileType = sourcecode.swift; path = FoundationToolDemoTests.swift; sourceTree = "<group>"; };
		C493738C222CC0CA00378930 /* Info.plist */ = {isa = PBXFileReference; lastKnownFileType = text.plist.xml; path = Info.plist; sourceTree = "<group>"; };
		C4937391222CC0CA00378930 /* FoundationToolDemoUITests.xctest */ = {isa = PBXFileReference; explicitFileType = wrapper.cfbundle; includeInIndex = 0; path = FoundationToolDemoUITests.xctest; sourceTree = BUILT_PRODUCTS_DIR; };
		C4937395222CC0CA00378930 /* FoundationToolDemoUITests.swift */ = {isa = PBXFileReference; lastKnownFileType = sourcecode.swift; path = FoundationToolDemoUITests.swift; sourceTree = "<group>"; };
		C4937397222CC0CA00378930 /* Info.plist */ = {isa = PBXFileReference; lastKnownFileType = text.plist.xml; path = Info.plist; sourceTree = "<group>"; };
		C49373B7222CC0E400378930 /* FoundationToolTests.swift */ = {isa = PBXFileReference; lastKnownFileType = sourcecode.swift; path = FoundationToolTests.swift; sourceTree = "<group>"; };
		C49373B9222CC0E400378930 /* Info.plist */ = {isa = PBXFileReference; lastKnownFileType = text.plist.xml; path = Info.plist; sourceTree = "<group>"; };
		C4F832E8222E77EA00D7D014 /* FoundationTool.xcodeproj */ = {isa = PBXFileReference; lastKnownFileType = "wrapper.pb-project"; name = FoundationTool.xcodeproj; path = FoundationTool/FoundationTool.xcodeproj; sourceTree = "<group>"; };
		C4F83305222E802B00D7D014 /* desktop.png */ = {isa = PBXFileReference; lastKnownFileType = image.png; path = desktop.png; sourceTree = "<group>"; };
/* End PBXFileReference section */

/* Begin PBXFrameworksBuildPhase section */
		C493736F222CC0C800378930 /* Frameworks */ = {
			isa = PBXFrameworksBuildPhase;
			buildActionMask = 2147483647;
			files = (
			);
			runOnlyForDeploymentPostprocessing = 0;
		};
		C4937383222CC0CA00378930 /* Frameworks */ = {
			isa = PBXFrameworksBuildPhase;
			buildActionMask = 2147483647;
			files = (
			);
			runOnlyForDeploymentPostprocessing = 0;
		};
		C493738E222CC0CA00378930 /* Frameworks */ = {
			isa = PBXFrameworksBuildPhase;
			buildActionMask = 2147483647;
			files = (
			);
			runOnlyForDeploymentPostprocessing = 0;
		};
/* End PBXFrameworksBuildPhase section */

/* Begin PBXGroup section */
		C4937369222CC0C800378930 = {
			isa = PBXGroup;
			children = (
				C4F832E8222E77EA00D7D014 /* FoundationTool.xcodeproj */,
				C4937374222CC0C800378930 /* FoundationToolDemo */,
				C4937389222CC0CA00378930 /* FoundationToolDemoTests */,
				C4937394222CC0CA00378930 /* FoundationToolDemoUITests */,
				C49373B6222CC0E400378930 /* FoundationToolTests */,
				C4937373222CC0C800378930 /* Products */,
			);
			sourceTree = "<group>";
		};
		C4937373222CC0C800378930 /* Products */ = {
			isa = PBXGroup;
			children = (
				C4937372222CC0C800378930 /* FoundationToolDemo.app */,
				C4937386222CC0CA00378930 /* FoundationToolDemoTests.xctest */,
				C4937391222CC0CA00378930 /* FoundationToolDemoUITests.xctest */,
			);
			name = Products;
			sourceTree = "<group>";
		};
		C4937374222CC0C800378930 /* FoundationToolDemo */ = {
			isa = PBXGroup;
			children = (
				C4937375222CC0C800378930 /* AppDelegate.swift */,
				C4937377222CC0C800378930 /* ViewController.swift */,
				C4937379222CC0C800378930 /* Main.storyboard */,
				C493737C222CC0CA00378930 /* Assets.xcassets */,
				C4F83305222E802B00D7D014 /* desktop.png */,
				C493737E222CC0CA00378930 /* LaunchScreen.storyboard */,
				C4937381222CC0CA00378930 /* Info.plist */,
			);
			path = FoundationToolDemo;
			sourceTree = "<group>";
		};
		C4937389222CC0CA00378930 /* FoundationToolDemoTests */ = {
			isa = PBXGroup;
			children = (
				C493738A222CC0CA00378930 /* FoundationToolDemoTests.swift */,
				C493738C222CC0CA00378930 /* Info.plist */,
			);
			path = FoundationToolDemoTests;
			sourceTree = "<group>";
		};
		C4937394222CC0CA00378930 /* FoundationToolDemoUITests */ = {
			isa = PBXGroup;
			children = (
				C4937395222CC0CA00378930 /* FoundationToolDemoUITests.swift */,
				C4937397222CC0CA00378930 /* Info.plist */,
			);
			path = FoundationToolDemoUITests;
			sourceTree = "<group>";
		};
		C49373B6222CC0E400378930 /* FoundationToolTests */ = {
			isa = PBXGroup;
			children = (
				C49373B7222CC0E400378930 /* FoundationToolTests.swift */,
				C49373B9222CC0E400378930 /* Info.plist */,
			);
			path = FoundationToolTests;
			sourceTree = "<group>";
		};
		C4F832E9222E77EA00D7D014 /* Products */ = {
			isa = PBXGroup;
			children = (
				C4F832EE222E77EA00D7D014 /* FoundationTool.framework */,
				C4F832F0222E77EA00D7D014 /* FoundationToolTests.xctest */,
			);
			name = Products;
			sourceTree = "<group>";
		};
/* End PBXGroup section */

/* Begin PBXNativeTarget section */
		C4937371222CC0C800378930 /* FoundationToolDemo */ = {
			isa = PBXNativeTarget;
			buildConfigurationList = C493739A222CC0CA00378930 /* Build configuration list for PBXNativeTarget "FoundationToolDemo" */;
			buildPhases = (
				C493736E222CC0C800378930 /* Sources */,
				C493736F222CC0C800378930 /* Frameworks */,
				C4937370222CC0C800378930 /* Resources */,
				C49373C2222CC0E400378930 /* Embed Frameworks */,
			);
			buildRules = (
			);
			dependencies = (
				C4F832FC222E78F600D7D014 /* PBXTargetDependency */,
			);
			name = FoundationToolDemo;
			productName = FoundationToolDemo;
			productReference = C4937372222CC0C800378930 /* FoundationToolDemo.app */;
			productType = "com.apple.product-type.application";
		};
		C4937385222CC0CA00378930 /* FoundationToolDemoTests */ = {
			isa = PBXNativeTarget;
			buildConfigurationList = C493739D222CC0CA00378930 /* Build configuration list for PBXNativeTarget "FoundationToolDemoTests" */;
			buildPhases = (
				C4937382222CC0CA00378930 /* Sources */,
				C4937383222CC0CA00378930 /* Frameworks */,
				C4937384222CC0CA00378930 /* Resources */,
			);
			buildRules = (
			);
			dependencies = (
				C4937388222CC0CA00378930 /* PBXTargetDependency */,
			);
			name = FoundationToolDemoTests;
			productName = FoundationToolDemoTests;
			productReference = C4937386222CC0CA00378930 /* FoundationToolDemoTests.xctest */;
			productType = "com.apple.product-type.bundle.unit-test";
		};
		C4937390222CC0CA00378930 /* FoundationToolDemoUITests */ = {
			isa = PBXNativeTarget;
			buildConfigurationList = C49373A0222CC0CA00378930 /* Build configuration list for PBXNativeTarget "FoundationToolDemoUITests" */;
			buildPhases = (
				C493738D222CC0CA00378930 /* Sources */,
				C493738E222CC0CA00378930 /* Frameworks */,
				C493738F222CC0CA00378930 /* Resources */,
			);
			buildRules = (
			);
			dependencies = (
				C4937393222CC0CA00378930 /* PBXTargetDependency */,
			);
			name = FoundationToolDemoUITests;
			productName = FoundationToolDemoUITests;
			productReference = C4937391222CC0CA00378930 /* FoundationToolDemoUITests.xctest */;
			productType = "com.apple.product-type.bundle.ui-testing";
		};
/* End PBXNativeTarget section */

/* Begin PBXProject section */
		C493736A222CC0C800378930 /* Project object */ = {
			isa = PBXProject;
			attributes = {
				LastSwiftUpdateCheck = 1010;
				LastUpgradeCheck = 1010;
				ORGANIZATIONNAME = ld;
				TargetAttributes = {
					C4937371222CC0C800378930 = {
						CreatedOnToolsVersion = 10.1;
					};
					C4937385222CC0CA00378930 = {
						CreatedOnToolsVersion = 10.1;
						TestTargetID = C4937371222CC0C800378930;
					};
					C4937390222CC0CA00378930 = {
						CreatedOnToolsVersion = 10.1;
						TestTargetID = C4937371222CC0C800378930;
					};
				};
			};
			buildConfigurationList = C493736D222CC0C800378930 /* Build configuration list for PBXProject "FoundationToolDemo" */;
			compatibilityVersion = "Xcode 9.3";
			developmentRegion = en;
			hasScannedForEncodings = 0;
			knownRegions = (
				en,
				Base,
			);
			mainGroup = C4937369222CC0C800378930;
			productRefGroup = C4937373222CC0C800378930 /* Products */;
			projectDirPath = "";
			projectReferences = (
				{
					ProductGroup = C4F832E9222E77EA00D7D014 /* Products */;
					ProjectRef = C4F832E8222E77EA00D7D014 /* FoundationTool.xcodeproj */;
				},
			);
			projectRoot = "";
			targets = (
				C4937371222CC0C800378930 /* FoundationToolDemo */,
				C4937385222CC0CA00378930 /* FoundationToolDemoTests */,
				C4937390222CC0CA00378930 /* FoundationToolDemoUITests */,
			);
		};
/* End PBXProject section */

/* Begin PBXReferenceProxy section */
		C4F832EE222E77EA00D7D014 /* FoundationTool.framework */ = {
			isa = PBXReferenceProxy;
			fileType = wrapper.framework;
			path = FoundationTool.framework;
			remoteRef = C4F832ED222E77EA00D7D014 /* PBXContainerItemProxy */;
			sourceTree = BUILT_PRODUCTS_DIR;
		};
		C4F832F0222E77EA00D7D014 /* FoundationToolTests.xctest */ = {
			isa = PBXReferenceProxy;
			fileType = wrapper.cfbundle;
			path = FoundationToolTests.xctest;
			remoteRef = C4F832EF222E77EA00D7D014 /* PBXContainerItemProxy */;
			sourceTree = BUILT_PRODUCTS_DIR;
		};
/* End PBXReferenceProxy section */

/* Begin PBXResourcesBuildPhase section */
		C4937370222CC0C800378930 /* Resources */ = {
			isa = PBXResourcesBuildPhase;
			buildActionMask = 2147483647;
			files = (
				C4937380222CC0CA00378930 /* LaunchScreen.storyboard in Resources */,
				C4F83306222E802B00D7D014 /* desktop.png in Resources */,
				C493737D222CC0CA00378930 /* Assets.xcassets in Resources */,
				C493737B222CC0C800378930 /* Main.storyboard in Resources */,
			);
			runOnlyForDeploymentPostprocessing = 0;
		};
		C4937384222CC0CA00378930 /* Resources */ = {
			isa = PBXResourcesBuildPhase;
			buildActionMask = 2147483647;
			files = (
			);
			runOnlyForDeploymentPostprocessing = 0;
		};
		C493738F222CC0CA00378930 /* Resources */ = {
			isa = PBXResourcesBuildPhase;
			buildActionMask = 2147483647;
			files = (
			);
			runOnlyForDeploymentPostprocessing = 0;
		};
/* End PBXResourcesBuildPhase section */

/* Begin PBXSourcesBuildPhase section */
		C493736E222CC0C800378930 /* Sources */ = {
			isa = PBXSourcesBuildPhase;
			buildActionMask = 2147483647;
			files = (
				C4937378222CC0C800378930 /* ViewController.swift in Sources */,
				C4937376222CC0C800378930 /* AppDelegate.swift in Sources */,
			);
			runOnlyForDeploymentPostprocessing = 0;
		};
		C4937382222CC0CA00378930 /* Sources */ = {
			isa = PBXSourcesBuildPhase;
			buildActionMask = 2147483647;
			files = (
				C493738B222CC0CA00378930 /* FoundationToolDemoTests.swift in Sources */,
			);
			runOnlyForDeploymentPostprocessing = 0;
		};
		C493738D222CC0CA00378930 /* Sources */ = {
			isa = PBXSourcesBuildPhase;
			buildActionMask = 2147483647;
			files = (
				C4937396222CC0CA00378930 /* FoundationToolDemoUITests.swift in Sources */,
			);
			runOnlyForDeploymentPostprocessing = 0;
		};
/* End PBXSourcesBuildPhase section */

/* Begin PBXTargetDependency section */
		C4937388222CC0CA00378930 /* PBXTargetDependency */ = {
			isa = PBXTargetDependency;
			target = C4937371222CC0C800378930 /* FoundationToolDemo */;
			targetProxy = C4937387222CC0CA00378930 /* PBXContainerItemProxy */;
		};
		C4937393222CC0CA00378930 /* PBXTargetDependency */ = {
			isa = PBXTargetDependency;
			target = C4937371222CC0C800378930 /* FoundationToolDemo */;
			targetProxy = C4937392222CC0CA00378930 /* PBXContainerItemProxy */;
		};
		C4F832FC222E78F600D7D014 /* PBXTargetDependency */ = {
			isa = PBXTargetDependency;
			name = FoundationTool;
			targetProxy = C4F832FB222E78F600D7D014 /* PBXContainerItemProxy */;
		};
/* End PBXTargetDependency section */

/* Begin PBXVariantGroup section */
		C4937379222CC0C800378930 /* Main.storyboard */ = {
			isa = PBXVariantGroup;
			children = (
				C493737A222CC0C800378930 /* Base */,
			);
			name = Main.storyboard;
			sourceTree = "<group>";
		};
		C493737E222CC0CA00378930 /* LaunchScreen.storyboard */ = {
			isa = PBXVariantGroup;
			children = (
				C493737F222CC0CA00378930 /* Base */,
			);
			name = LaunchScreen.storyboard;
			sourceTree = "<group>";
		};
/* End PBXVariantGroup section */

/* Begin XCBuildConfiguration section */
		C4937398222CC0CA00378930 /* Debug */ = {
			isa = XCBuildConfiguration;
			buildSettings = {
				ALWAYS_SEARCH_USER_PATHS = NO;
				CLANG_ANALYZER_NONNULL = YES;
				CLANG_ANALYZER_NUMBER_OBJECT_CONVERSION = YES_AGGRESSIVE;
				CLANG_CXX_LANGUAGE_STANDARD = "gnu++14";
				CLANG_CXX_LIBRARY = "libc++";
				CLANG_ENABLE_MODULES = YES;
				CLANG_ENABLE_OBJC_ARC = YES;
				CLANG_ENABLE_OBJC_WEAK = YES;
				CLANG_WARN_BLOCK_CAPTURE_AUTORELEASING = YES;
				CLANG_WARN_BOOL_CONVERSION = YES;
				CLANG_WARN_COMMA = YES;
				CLANG_WARN_CONSTANT_CONVERSION = YES;
				CLANG_WARN_DEPRECATED_OBJC_IMPLEMENTATIONS = YES;
				CLANG_WARN_DIRECT_OBJC_ISA_USAGE = YES_ERROR;
				CLANG_WARN_DOCUMENTATION_COMMENTS = YES;
				CLANG_WARN_EMPTY_BODY = YES;
				CLANG_WARN_ENUM_CONVERSION = YES;
				CLANG_WARN_INFINITE_RECURSION = YES;
				CLANG_WARN_INT_CONVERSION = YES;
				CLANG_WARN_NON_LITERAL_NULL_CONVERSION = YES;
				CLANG_WARN_OBJC_IMPLICIT_RETAIN_SELF = YES;
				CLANG_WARN_OBJC_LITERAL_CONVERSION = YES;
				CLANG_WARN_OBJC_ROOT_CLASS = YES_ERROR;
				CLANG_WARN_RANGE_LOOP_ANALYSIS = YES;
				CLANG_WARN_STRICT_PROTOTYPES = YES;
				CLANG_WARN_SUSPICIOUS_MOVE = YES;
				CLANG_WARN_UNGUARDED_AVAILABILITY = YES_AGGRESSIVE;
				CLANG_WARN_UNREACHABLE_CODE = YES;
				CLANG_WARN__DUPLICATE_METHOD_MATCH = YES;
				CODE_SIGN_IDENTITY = "iPhone Developer";
				COPY_PHASE_STRIP = NO;
				DEBUG_INFORMATION_FORMAT = dwarf;
				ENABLE_STRICT_OBJC_MSGSEND = YES;
				ENABLE_TESTABILITY = YES;
				GCC_C_LANGUAGE_STANDARD = gnu11;
				GCC_DYNAMIC_NO_PIC = NO;
				GCC_NO_COMMON_BLOCKS = YES;
				GCC_OPTIMIZATION_LEVEL = 0;
				GCC_PREPROCESSOR_DEFINITIONS = (
					"DEBUG=1",
					"$(inherited)",
				);
				GCC_WARN_64_TO_32_BIT_CONVERSION = YES;
				GCC_WARN_ABOUT_RETURN_TYPE = YES_ERROR;
				GCC_WARN_UNDECLARED_SELECTOR = YES;
				GCC_WARN_UNINITIALIZED_AUTOS = YES_AGGRESSIVE;
				GCC_WARN_UNUSED_FUNCTION = YES;
				GCC_WARN_UNUSED_VARIABLE = YES;
				IPHONEOS_DEPLOYMENT_TARGET = 12.1;
				MTL_ENABLE_DEBUG_INFO = INCLUDE_SOURCE;
				MTL_FAST_MATH = YES;
				ONLY_ACTIVE_ARCH = YES;
				SDKROOT = iphoneos;
				SWIFT_ACTIVE_COMPILATION_CONDITIONS = DEBUG;
				SWIFT_OPTIMIZATION_LEVEL = "-Onone";
			};
			name = Debug;
		};
		C4937399222CC0CA00378930 /* Release */ = {
			isa = XCBuildConfiguration;
			buildSettings = {
				ALWAYS_SEARCH_USER_PATHS = NO;
				CLANG_ANALYZER_NONNULL = YES;
				CLANG_ANALYZER_NUMBER_OBJECT_CONVERSION = YES_AGGRESSIVE;
				CLANG_CXX_LANGUAGE_STANDARD = "gnu++14";
				CLANG_CXX_LIBRARY = "libc++";
				CLANG_ENABLE_MODULES = YES;
				CLANG_ENABLE_OBJC_ARC = YES;
				CLANG_ENABLE_OBJC_WEAK = YES;
				CLANG_WARN_BLOCK_CAPTURE_AUTORELEASING = YES;
				CLANG_WARN_BOOL_CONVERSION = YES;
				CLANG_WARN_COMMA = YES;
				CLANG_WARN_CONSTANT_CONVERSION = YES;
				CLANG_WARN_DEPRECATED_OBJC_IMPLEMENTATIONS = YES;
				CLANG_WARN_DIRECT_OBJC_ISA_USAGE = YES_ERROR;
				CLANG_WARN_DOCUMENTATION_COMMENTS = YES;
				CLANG_WARN_EMPTY_BODY = YES;
				CLANG_WARN_ENUM_CONVERSION = YES;
				CLANG_WARN_INFINITE_RECURSION = YES;
				CLANG_WARN_INT_CONVERSION = YES;
				CLANG_WARN_NON_LITERAL_NULL_CONVERSION = YES;
				CLANG_WARN_OBJC_IMPLICIT_RETAIN_SELF = YES;
				CLANG_WARN_OBJC_LITERAL_CONVERSION = YES;
				CLANG_WARN_OBJC_ROOT_CLASS = YES_ERROR;
				CLANG_WARN_RANGE_LOOP_ANALYSIS = YES;
				CLANG_WARN_STRICT_PROTOTYPES = YES;
				CLANG_WARN_SUSPICIOUS_MOVE = YES;
				CLANG_WARN_UNGUARDED_AVAILABILITY = YES_AGGRESSIVE;
				CLANG_WARN_UNREACHABLE_CODE = YES;
				CLANG_WARN__DUPLICATE_METHOD_MATCH = YES;
				CODE_SIGN_IDENTITY = "iPhone Developer";
				COPY_PHASE_STRIP = NO;
				DEBUG_INFORMATION_FORMAT = "dwarf-with-dsym";
				ENABLE_NS_ASSERTIONS = NO;
				ENABLE_STRICT_OBJC_MSGSEND = YES;
				GCC_C_LANGUAGE_STANDARD = gnu11;
				GCC_NO_COMMON_BLOCKS = YES;
				GCC_WARN_64_TO_32_BIT_CONVERSION = YES;
				GCC_WARN_ABOUT_RETURN_TYPE = YES_ERROR;
				GCC_WARN_UNDECLARED_SELECTOR = YES;
				GCC_WARN_UNINITIALIZED_AUTOS = YES_AGGRESSIVE;
				GCC_WARN_UNUSED_FUNCTION = YES;
				GCC_WARN_UNUSED_VARIABLE = YES;
				IPHONEOS_DEPLOYMENT_TARGET = 12.1;
				MTL_ENABLE_DEBUG_INFO = NO;
				MTL_FAST_MATH = YES;
				SDKROOT = iphoneos;
				SWIFT_COMPILATION_MODE = wholemodule;
				SWIFT_OPTIMIZATION_LEVEL = "-O";
				VALIDATE_PRODUCT = YES;
			};
			name = Release;
		};
		C493739B222CC0CA00378930 /* Debug */ = {
			isa = XCBuildConfiguration;
			buildSettings = {
				ASSETCATALOG_COMPILER_APPICON_NAME = AppIcon;
				CODE_SIGN_STYLE = Automatic;
				INFOPLIST_FILE = FoundationToolDemo/Info.plist;
				IPHONEOS_DEPLOYMENT_TARGET = 9.0;
				LD_RUNPATH_SEARCH_PATHS = (
					"$(inherited)",
					"@executable_path/Frameworks",
				);
				PRODUCT_BUNDLE_IDENTIFIER = com.ld.FoundationToolDemo;
				PRODUCT_NAME = "$(TARGET_NAME)";
				SWIFT_VERSION = 4.2;
				TARGETED_DEVICE_FAMILY = "1,2";
			};
			name = Debug;
		};
		C493739C222CC0CA00378930 /* Release */ = {
			isa = XCBuildConfiguration;
			buildSettings = {
				ASSETCATALOG_COMPILER_APPICON_NAME = AppIcon;
				CODE_SIGN_STYLE = Automatic;
				INFOPLIST_FILE = FoundationToolDemo/Info.plist;
				IPHONEOS_DEPLOYMENT_TARGET = 9.0;
				LD_RUNPATH_SEARCH_PATHS = (
					"$(inherited)",
					"@executable_path/Frameworks",
				);
				PRODUCT_BUNDLE_IDENTIFIER = com.ld.FoundationToolDemo;
				PRODUCT_NAME = "$(TARGET_NAME)";
				SWIFT_VERSION = 4.2;
				TARGETED_DEVICE_FAMILY = "1,2";
			};
			name = Release;
		};
		C493739E222CC0CA00378930 /* Debug */ = {
			isa = XCBuildConfiguration;
			buildSettings = {
				ALWAYS_EMBED_SWIFT_STANDARD_LIBRARIES = YES;
				BUNDLE_LOADER = "$(TEST_HOST)";
				CODE_SIGN_STYLE = Automatic;
				INFOPLIST_FILE = FoundationToolDemoTests/Info.plist;
				LD_RUNPATH_SEARCH_PATHS = (
					"$(inherited)",
					"@executable_path/Frameworks",
					"@loader_path/Frameworks",
				);
				PRODUCT_BUNDLE_IDENTIFIER = com.ld.FoundationToolDemoTests;
				PRODUCT_NAME = "$(TARGET_NAME)";
				SWIFT_VERSION = 4.2;
				TARGETED_DEVICE_FAMILY = "1,2";
				TEST_HOST = "$(BUILT_PRODUCTS_DIR)/FoundationToolDemo.app/FoundationToolDemo";
			};
			name = Debug;
		};
		C493739F222CC0CA00378930 /* Release */ = {
			isa = XCBuildConfiguration;
			buildSettings = {
				ALWAYS_EMBED_SWIFT_STANDARD_LIBRARIES = YES;
				BUNDLE_LOADER = "$(TEST_HOST)";
				CODE_SIGN_STYLE = Automatic;
				INFOPLIST_FILE = FoundationToolDemoTests/Info.plist;
				LD_RUNPATH_SEARCH_PATHS = (
					"$(inherited)",
					"@executable_path/Frameworks",
					"@loader_path/Frameworks",
				);
				PRODUCT_BUNDLE_IDENTIFIER = com.ld.FoundationToolDemoTests;
				PRODUCT_NAME = "$(TARGET_NAME)";
				SWIFT_VERSION = 4.2;
				TARGETED_DEVICE_FAMILY = "1,2";
				TEST_HOST = "$(BUILT_PRODUCTS_DIR)/FoundationToolDemo.app/FoundationToolDemo";
			};
			name = Release;
		};
		C49373A1222CC0CA00378930 /* Debug */ = {
			isa = XCBuildConfiguration;
			buildSettings = {
				ALWAYS_EMBED_SWIFT_STANDARD_LIBRARIES = YES;
				CODE_SIGN_STYLE = Automatic;
				INFOPLIST_FILE = FoundationToolDemoUITests/Info.plist;
				LD_RUNPATH_SEARCH_PATHS = (
					"$(inherited)",
					"@executable_path/Frameworks",
					"@loader_path/Frameworks",
				);
				PRODUCT_BUNDLE_IDENTIFIER = com.ld.FoundationToolDemoUITests;
				PRODUCT_NAME = "$(TARGET_NAME)";
				SWIFT_VERSION = 4.2;
				TARGETED_DEVICE_FAMILY = "1,2";
				TEST_TARGET_NAME = FoundationToolDemo;
			};
			name = Debug;
		};
		C49373A2222CC0CA00378930 /* Release */ = {
			isa = XCBuildConfiguration;
			buildSettings = {
				ALWAYS_EMBED_SWIFT_STANDARD_LIBRARIES = YES;
				CODE_SIGN_STYLE = Automatic;
				INFOPLIST_FILE = FoundationToolDemoUITests/Info.plist;
				LD_RUNPATH_SEARCH_PATHS = (
					"$(inherited)",
					"@executable_path/Frameworks",
					"@loader_path/Frameworks",
				);
				PRODUCT_BUNDLE_IDENTIFIER = com.ld.FoundationToolDemoUITests;
				PRODUCT_NAME = "$(TARGET_NAME)";
				SWIFT_VERSION = 4.2;
				TARGETED_DEVICE_FAMILY = "1,2";
				TEST_TARGET_NAME = FoundationToolDemo;
			};
			name = Release;
		};
/* End XCBuildConfiguration section */

/* Begin XCConfigurationList section */
		C493736D222CC0C800378930 /* Build configuration list for PBXProject "FoundationToolDemo" */ = {
			isa = XCConfigurationList;
			buildConfigurations = (
				C4937398222CC0CA00378930 /* Debug */,
				C4937399222CC0CA00378930 /* Release */,
			);
			defaultConfigurationIsVisible = 0;
			defaultConfigurationName = Release;
		};
		C493739A222CC0CA00378930 /* Build configuration list for PBXNativeTarget "FoundationToolDemo" */ = {
			isa = XCConfigurationList;
			buildConfigurations = (
				C493739B222CC0CA00378930 /* Debug */,
				C493739C222CC0CA00378930 /* Release */,
			);
			defaultConfigurationIsVisible = 0;
			defaultConfigurationName = Release;
		};
		C493739D222CC0CA00378930 /* Build configuration list for PBXNativeTarget "FoundationToolDemoTests" */ = {
			isa = XCConfigurationList;
			buildConfigurations = (
				C493739E222CC0CA00378930 /* Debug */,
				C493739F222CC0CA00378930 /* Release */,
			);
			defaultConfigurationIsVisible = 0;
			defaultConfigurationName = Release;
		};
		C49373A0222CC0CA00378930 /* Build configuration list for PBXNativeTarget "FoundationToolDemoUITests" */ = {
			isa = XCConfigurationList;
			buildConfigurations = (
				C49373A1222CC0CA00378930 /* Debug */,
				C49373A2222CC0CA00378930 /* Release */,
			);
			defaultConfigurationIsVisible = 0;
			defaultConfigurationName = Release;
		};
/* End XCConfigurationList section */
	};
	rootObject = C493736A222CC0C800378930 /* Project object */;
}
